
Microsoft Visual Studio Solution File, Format Version 12.00
# Visual Studio Version 17
VisualStudioVersion = 17.9.34728.123
MinimumVisualStudioVersion = 10.0.40219.1
Project("{9A19103F-16F7-4668-BE54-9A1E7A4F7556}") = "NavigationTabBar.Android", "NavigationTabBar.Android\NavigationTabBar.Android.csproj", "{9BF32B15-90AA-4C39-88B5-42E40583607E}"
EndProject
Global
	GlobalSection(SolutionConfigurationPlatforms) = preSolution
		Debug|Any CPU = Debug|Any CPU
		Release|Any CPU = Release|Any CPU
	EndGlobalSection
	GlobalSection(ProjectConfigurationPlatforms) = postSolution
		{9BF32B15-90AA-4C39-88B5-42E40583607E}.Debug|Any CPU.ActiveCfg = Debug|Any CPU
		{9BF32B15-90AA-4C39-88B5-42E40583607E}.Debug|Any CPU.Build.0 = Debug|Any CPU
		{9BF32B15-90AA-4C39-88B5-42E40583607E}.Release|Any CPU.ActiveCfg = Release|Any CPU
		{9BF32B15-90AA-4C39-88B5-42E40583607E}.Release|Any CPU.Build.0 = Release|Any CPU
	EndGlobalSection
	GlobalSection(SolutionProperties) = preSolution
		HideSolutionNode = FALSE
	EndGlobalSection
	GlobalSection(ExtensibilityGlobals) = postSolution
		SolutionGuid = {28DE4CBC-DB19-49E2-8DBA-EA1B94369596}
	EndGlobalSection
EndGlobal
